<?xml version="1.0" encoding="utf-8"?>
<Project ToolsVersion="4.0" xmlns="http://schemas.microsoft.com/developer/msbuild/2003">
  <ItemGroup>
    <Filter Include="소스 파일">
      <UniqueIdentifier>{4FC737F1-C7A5-4376-A066-2A32D752A2FF}</UniqueIdentifier>
      <Extensions>cpp;c;cc;cxx;c++;cppm;ixx;def;odl;idl;hpj;bat;asm;asmx</Extensions>
    </Filter>
    <Filter Include="소스 파일\Game">
      <UniqueIdentifier>{ad69e76c-2a3c-49d7-b520-9a504f7e79e7}</UniqueIdentifier>
    </Filter>
    <Filter Include="소스 파일\GameSystem">
      <UniqueIdentifier>{4fa01634-36d8-41fa-a0ad-eb726483a242}</UniqueIdentifier>
    </Filter>
    <Filter Include="소스 파일\Main">
      <UniqueIdentifier>{d25b9767-b717-4a35-baa3-1df90f19e133}</UniqueIdentifier>
    </Filter>
    <Filter Include="소스 파일\Sound">
      <UniqueIdentifier>{25ca70fd-341b-49ef-8a3a-84625d8810c0}</UniqueIdentifier>
    </Filter>
  </ItemGroup>
  <ItemGroup>
    <ClCompile Include="GameMain\Main.cpp">
      <Filter>소스 파일\Main</Filter>
    </ClCompile>
    <ClCompile Include="GameMain\AvoidanceGame.cpp">
      <Filter>소스 파일\Game</Filter>
    </ClCompile>
    <ClCompile Include="GameMain\Block_BreakerGame.cpp">
      <Filter>소스 파일\Game</Filter>
    </ClCompile>
    <ClCompile Include="GameMain\ChickenGame.cpp">
      <Filter>소스 파일\Game</Filter>
    </ClCompile>
    <ClCompile Include="GameMain\RunningGame.cpp">
      <Filter>소스 파일\Game</Filter>
    </ClCompile>
    <ClCompile Include="GameMain\SnakeGame.cpp">
      <Filter>소스 파일\Game</Filter>
    </ClCompile>
    <ClCompile Include="GameMain\GameBoard.cpp">
      <Filter>소스 파일\GameSystem</Filter>
    </ClCompile>
    <ClCompile Include="GameMain\MainScreen.cpp">
      <Filter>소스 파일\GameSystem</Filter>
    </ClCompile>
    <ClCompile Include="GameMain\GameManager.cpp">
      <Filter>소스 파일\Main</Filter>
    </ClCompile>
  </ItemGroup>
  <ItemGroup>
    <ClInclude Include="GameMain\AvoidanceGame.h">
      <Filter>소스 파일\Game</Filter>
    </ClInclude>
    <ClInclude Include="GameMain\Block_BreakerGame.h">
      <Filter>소스 파일\Game</Filter>
    </ClInclude>
    <ClInclude Include="GameMain\ChickenGame.h">
      <Filter>소스 파일\Game</Filter>
    </ClInclude>
    <ClInclude Include="GameMain\RunningGame.h">
      <Filter>소스 파일\Game</Filter>
    </ClInclude>
    <ClInclude Include="GameMain\SnakeGame.h">
      <Filter>소스 파일\Game</Filter>
    </ClInclude>
    <ClInclude Include="GameMain\GameBoard.h">
      <Filter>소스 파일\GameSystem</Filter>
    </ClInclude>
    <ClInclude Include="GameMain\MainScreen.h">
      <Filter>소스 파일\GameSystem</Filter>
    </ClInclude>
    <ClInclude Include="GameMain\GameManager.h">
      <Filter>소스 파일\Main</Filter>
    </ClInclude>
  </ItemGroup>
  <ItemGroup>
    <Media Include="GameBGM.wav">
      <Filter>소스 파일\Sound</Filter>
    </Media>
    <Media Include="Getting ITEM.wav">
      <Filter>소스 파일\Sound</Filter>
    </Media>
  </ItemGroup>
</Project>